{
  "object": {
    "pins": [
      {
        "package": "Polyline",
        "repositoryURL": "https://github.com/raphaelmor/Polyline.git",
        "state": {
          "branch": "master",
          "revision": "b5b6dff67db5d692c2253df79d9d6802953316b8",
          "version": null
        }
      }
    ]
  },
  "version": 1
}
