PODS:
  - Mapbox-iOS-SDK (3.3.4)
  - OHHTTPStubs/Core (5.2.1)
  - OHHTTPStubs/Swift (5.2.1):
    - OHHTTPStubs/Core
  - Polyline (3.3.1)

DEPENDENCIES:
  - Mapbox-iOS-SDK (~> 3.3)
  - OHHTTPStubs/Swift (~> 5.0)
  - Polyline (~> 3.3)

SPEC CHECKSUMS:
  Mapbox-iOS-SDK: b22da0d9703fcfb0a8b592b6a7f6a21264fe44b0
  OHHTTPStubs: 3a42f25c00563b71355ac73112ba2324e9e6cef4
  Polyline: 5639e50818bc04957597667925d206318025db83

PODFILE CHECKSUM: b9af79799ad573cb70d311f5a72b254edf053abb

COCOAPODS: 1.1.0.rc.2
