// !$*UTF8*$!
{
	archiveVersion = 1;
	classes = {
	};
	objectVersion = 46;
	objects = {

/* Begin PBXBuildFile section */
		DD6254541AE70C1700017857 /* AppDelegate.swift in Sources */ = {isa = PBXBuildFile; fileRef = DD6254531AE70C1700017857 /* AppDelegate.swift */; };
		DD6254561AE70C1700017857 /* ViewController.swift in Sources */ = {isa = PBXBuildFile; fileRef = DD6254551AE70C1700017857 /* ViewController.swift */; };
		DD6254741AE70CB700017857 /* MapboxDirections.swift in Sources */ = {isa = PBXBuildFile; fileRef = DD6254731AE70CB700017857 /* MapboxDirections.swift */; };
/* End PBXBuildFile section */

/* Begin PBXFileReference section */
		DD62544E1AE70C1700017857 /* Directions Example.app */ = {isa = PBXFileReference; explicitFileType = wrapper.application; includeInIndex = 0; path = "Directions Example.app"; sourceTree = BUILT_PRODUCTS_DIR; };
		DD6254521AE70C1700017857 /* Info.plist */ = {isa = PBXFileReference; lastKnownFileType = text.plist.xml; path = Info.plist; sourceTree = "<group>"; };
		DD6254531AE70C1700017857 /* AppDelegate.swift */ = {isa = PBXFileReference; lastKnownFileType = sourcecode.swift; path = AppDelegate.swift; sourceTree = "<group>"; };
		DD6254551AE70C1700017857 /* ViewController.swift */ = {isa = PBXFileReference; lastKnownFileType = sourcecode.swift; path = ViewController.swift; sourceTree = "<group>"; };
		DD6254731AE70CB700017857 /* MapboxDirections.swift */ = {isa = PBXFileReference; fileEncoding = 4; lastKnownFileType = sourcecode.swift; name = MapboxDirections.swift; path = ../MapboxDirections.swift; sourceTree = "<group>"; };
/* End PBXFileReference section */

/* Begin PBXFrameworksBuildPhase section */
		DD62544B1AE70C1700017857 /* Frameworks */ = {
			isa = PBXFrameworksBuildPhase;
			buildActionMask = 2147483647;
			files = (
			);
			runOnlyForDeploymentPostprocessing = 0;
		};
/* End PBXFrameworksBuildPhase section */

/* Begin PBXGroup section */
		DD6254451AE70C1700017857 = {
			isa = PBXGroup;
			children = (
				DD6254501AE70C1700017857 /* Directions Example */,
				DD62544F1AE70C1700017857 /* Products */,
			);
			sourceTree = "<group>";
		};
		DD62544F1AE70C1700017857 /* Products */ = {
			isa = PBXGroup;
			children = (
				DD62544E1AE70C1700017857 /* Directions Example.app */,
			);
			name = Products;
			sourceTree = "<group>";
		};
		DD6254501AE70C1700017857 /* Directions Example */ = {
			isa = PBXGroup;
			children = (
				DD6254531AE70C1700017857 /* AppDelegate.swift */,
				DD6254551AE70C1700017857 /* ViewController.swift */,
				DD6254771AE70D1600017857 /* Directions */,
				DD6254511AE70C1700017857 /* Supporting Files */,
			);
			path = "Directions Example";
			sourceTree = "<group>";
		};
		DD6254511AE70C1700017857 /* Supporting Files */ = {
			isa = PBXGroup;
			children = (
				DD6254521AE70C1700017857 /* Info.plist */,
			);
			name = "Supporting Files";
			sourceTree = "<group>";
		};
		DD6254771AE70D1600017857 /* Directions */ = {
			isa = PBXGroup;
			children = (
				DD6254731AE70CB700017857 /* MapboxDirections.swift */,
			);
			name = Directions;
			sourceTree = "<group>";
		};
/* End PBXGroup section */

/* Begin PBXNativeTarget section */
		DD62544D1AE70C1700017857 /* Directions Example */ = {
			isa = PBXNativeTarget;
			buildConfigurationList = DD62546D1AE70C1700017857 /* Build configuration list for PBXNativeTarget "Directions Example" */;
			buildPhases = (
				DD62544A1AE70C1700017857 /* Sources */,
				DD62544B1AE70C1700017857 /* Frameworks */,
				DD62544C1AE70C1700017857 /* Resources */,
			);
			buildRules = (
			);
			dependencies = (
			);
			name = "Directions Example";
			productName = "Directions Example";
			productReference = DD62544E1AE70C1700017857 /* Directions Example.app */;
			productType = "com.apple.product-type.application";
		};
/* End PBXNativeTarget section */

/* Begin PBXProject section */
		DD6254461AE70C1700017857 /* Project object */ = {
			isa = PBXProject;
			attributes = {
				LastSwiftMigration = 0700;
				LastSwiftUpdateCheck = 0700;
				LastUpgradeCheck = 0630;
				ORGANIZATIONNAME = Mapbox;
				TargetAttributes = {
					DD62544D1AE70C1700017857 = {
						CreatedOnToolsVersion = 6.3;
					};
				};
			};
			buildConfigurationList = DD6254491AE70C1700017857 /* Build configuration list for PBXProject "Directions Example" */;
			compatibilityVersion = "Xcode 3.2";
			developmentRegion = English;
			hasScannedForEncodings = 0;
			knownRegions = (
				en,
				Base,
			);
			mainGroup = DD6254451AE70C1700017857;
			productRefGroup = DD62544F1AE70C1700017857 /* Products */;
			projectDirPath = "";
			projectRoot = "";
			targets = (
				DD62544D1AE70C1700017857 /* Directions Example */,
			);
		};
/* End PBXProject section */

/* Begin PBXResourcesBuildPhase section */
		DD62544C1AE70C1700017857 /* Resources */ = {
			isa = PBXResourcesBuildPhase;
			buildActionMask = 2147483647;
			files = (
			);
			runOnlyForDeploymentPostprocessing = 0;
		};
/* End PBXResourcesBuildPhase section */

/* Begin PBXSourcesBuildPhase section */
		DD62544A1AE70C1700017857 /* Sources */ = {
			isa = PBXSourcesBuildPhase;
			buildActionMask = 2147483647;
			files = (
				DD6254561AE70C1700017857 /* ViewController.swift in Sources */,
				DD6254741AE70CB700017857 /* MapboxDirections.swift in Sources */,
				DD6254541AE70C1700017857 /* AppDelegate.swift in Sources */,
			);
			runOnlyForDeploymentPostprocessing = 0;
		};
/* End PBXSourcesBuildPhase section */

/* Begin XCBuildConfiguration section */
		DD62546B1AE70C1700017857 /* Debug */ = {
			isa = XCBuildConfiguration;
			buildSettings = {
				ALWAYS_SEARCH_USER_PATHS = NO;
				CLANG_CXX_LANGUAGE_STANDARD = "gnu++0x";
				CLANG_CXX_LIBRARY = "libc++";
				CLANG_ENABLE_MODULES = YES;
				CLANG_ENABLE_OBJC_ARC = YES;
				CLANG_WARN_BOOL_CONVERSION = YES;
				CLANG_WARN_CONSTANT_CONVERSION = YES;
				CLANG_WARN_DIRECT_OBJC_ISA_USAGE = YES_ERROR;
				CLANG_WARN_EMPTY_BODY = YES;
				CLANG_WARN_ENUM_CONVERSION = YES;
				CLANG_WARN_INT_CONVERSION = YES;
				CLANG_WARN_OBJC_ROOT_CLASS = YES_ERROR;
				CLANG_WARN_UNREACHABLE_CODE = YES;
				CLANG_WARN__DUPLICATE_METHOD_MATCH = YES;
				"CODE_SIGN_IDENTITY[sdk=iphoneos*]" = "iPhone Developer";
				COPY_PHASE_STRIP = NO;
				DEBUG_INFORMATION_FORMAT = "dwarf-with-dsym";
				ENABLE_STRICT_OBJC_MSGSEND = YES;
				GCC_C_LANGUAGE_STANDARD = gnu99;
				GCC_DYNAMIC_NO_PIC = NO;
				GCC_NO_COMMON_BLOCKS = YES;
				GCC_OPTIMIZATION_LEVEL = 0;
				GCC_PREPROCESSOR_DEFINITIONS = (
					"DEBUG=1",
					"$(inherited)",
				);
				GCC_SYMBOLS_PRIVATE_EXTERN = NO;
				GCC_WARN_64_TO_32_BIT_CONVERSION = YES;
				GCC_WARN_ABOUT_RETURN_TYPE = YES_ERROR;
				GCC_WARN_UNDECLARED_SELECTOR = YES;
				GCC_WARN_UNINITIALIZED_AUTOS = YES_AGGRESSIVE;
				GCC_WARN_UNUSED_FUNCTION = YES;
				GCC_WARN_UNUSED_VARIABLE = YES;
				IPHONEOS_DEPLOYMENT_TARGET = 8.3;
				MTL_ENABLE_DEBUG_INFO = YES;
				ONLY_ACTIVE_ARCH = YES;
				SDKROOT = iphoneos;
				SWIFT_OPTIMIZATION_LEVEL = "-Onone";
				TARGETED_DEVICE_FAMILY = "1,2";
			};
			name = Debug;
		};
		DD62546C1AE70C1700017857 /* Release */ = {
			isa = XCBuildConfiguration;
			buildSettings = {
				ALWAYS_SEARCH_USER_PATHS = NO;
				CLANG_CXX_LANGUAGE_STANDARD = "gnu++0x";
				CLANG_CXX_LIBRARY = "libc++";
				CLANG_ENABLE_MODULES = YES;
				CLANG_ENABLE_OBJC_ARC = YES;
				CLANG_WARN_BOOL_CONVERSION = YES;
				CLANG_WARN_CONSTANT_CONVERSION = YES;
				CLANG_WARN_DIRECT_OBJC_ISA_USAGE = YES_ERROR;
				CLANG_WARN_EMPTY_BODY = YES;
				CLANG_WARN_ENUM_CONVERSION = YES;
				CLANG_WARN_INT_CONVERSION = YES;
				CLANG_WARN_OBJC_ROOT_CLASS = YES_ERROR;
				CLANG_WARN_UNREACHABLE_CODE = YES;
				CLANG_WARN__DUPLICATE_METHOD_MATCH = YES;
				"CODE_SIGN_IDENTITY[sdk=iphoneos*]" = "iPhone Developer";
				COPY_PHASE_STRIP = NO;
				DEBUG_INFORMATION_FORMAT = "dwarf-with-dsym";
				ENABLE_NS_ASSERTIONS = NO;
				ENABLE_STRICT_OBJC_MSGSEND = YES;
				GCC_C_LANGUAGE_STANDARD = gnu99;
				GCC_NO_COMMON_BLOCKS = YES;
				GCC_WARN_64_TO_32_BIT_CONVERSION = YES;
				GCC_WARN_ABOUT_RETURN_TYPE = YES_ERROR;
				GCC_WARN_UNDECLARED_SELECTOR = YES;
				GCC_WARN_UNINITIALIZED_AUTOS = YES_AGGRESSIVE;
				GCC_WARN_UNUSED_FUNCTION = YES;
				GCC_WARN_UNUSED_VARIABLE = YES;
				IPHONEOS_DEPLOYMENT_TARGET = 8.3;
				MTL_ENABLE_DEBUG_INFO = NO;
				SDKROOT = iphoneos;
				TARGETED_DEVICE_FAMILY = "1,2";
				VALIDATE_PRODUCT = YES;
			};
			name = Release;
		};
		DD62546E1AE70C1700017857 /* Debug */ = {
			isa = XCBuildConfiguration;
			buildSettings = {
				ASSETCATALOG_COMPILER_APPICON_NAME = AppIcon;
				INFOPLIST_FILE = "Directions Example/Info.plist";
				LD_RUNPATH_SEARCH_PATHS = "$(inherited) @executable_path/Frameworks";
				PRODUCT_NAME = "$(TARGET_NAME)";
			};
			name = Debug;
		};
		DD62546F1AE70C1700017857 /* Release */ = {
			isa = XCBuildConfiguration;
			buildSettings = {
				ASSETCATALOG_COMPILER_APPICON_NAME = AppIcon;
				INFOPLIST_FILE = "Directions Example/Info.plist";
				LD_RUNPATH_SEARCH_PATHS = "$(inherited) @executable_path/Frameworks";
				PRODUCT_NAME = "$(TARGET_NAME)";
			};
			name = Release;
		};
/* End XCBuildConfiguration section */

/* Begin XCConfigurationList section */
		DD6254491AE70C1700017857 /* Build configuration list for PBXProject "Directions Example" */ = {
			isa = XCConfigurationList;
			buildConfigurations = (
				DD62546B1AE70C1700017857 /* Debug */,
				DD62546C1AE70C1700017857 /* Release */,
			);
			defaultConfigurationIsVisible = 0;
			defaultConfigurationName = Release;
		};
		DD62546D1AE70C1700017857 /* Build configuration list for PBXNativeTarget "Directions Example" */ = {
			isa = XCConfigurationList;
			buildConfigurations = (
				DD62546E1AE70C1700017857 /* Debug */,
				DD62546F1AE70C1700017857 /* Release */,
			);
			defaultConfigurationIsVisible = 0;
			defaultConfigurationName = Release;
		};
/* End XCConfigurationList section */
	};
	rootObject = DD6254461AE70C1700017857 /* Project object */;
}
